
Microsoft Visual Studio Solution File, Format Version 12.00
Project("{2150E333-8FDC-42A3-9474-1A3956D46DE8}") = "Domain", "Domain", "{0A1F46F8-0D55-417B-A0D8-3A9D14383393}"
EndProject
Project("{2150E333-8FDC-42A3-9474-1A3956D46DE8}") = "Application", "Application", "{F18E20B6-D73D-4B44-A724-233413E792FB}"
EndProject
Project("{2150E333-8FDC-42A3-9474-1A3956D46DE8}") = "Infrastructure", "Infrastructure", "{E8785BD0-D29C-4641-BA3A-DAB6F077D315}"
EndProject
Project("{2150E333-8FDC-42A3-9474-1A3956D46DE8}") = "Presentation", "Presentation", "{B83DD44B-E15A-44DF-AD86-CB7A68CBDA89}"
EndProject
Project("{FAE04EC0-301F-11D3-BF4B-00C04F79EFBC}") = "RetailStore.Domain", "RetailStore.Domain\RetailStore.Domain.csproj", "{1096B365-279B-4C25-BB25-ECC6CEDC5ED4}"
EndProject
Project("{FAE04EC0-301F-11D3-BF4B-00C04F79EFBC}") = "RetailStore.Application", "RetailStore.Application\RetailStore.Application.csproj", "{2E831521-E275-496D-8312-BBA4FAE57E0D}"
EndProject
Project("{FAE04EC0-301F-11D3-BF4B-00C04F79EFBC}") = "RetailStore.API", "RetailStore.API\RetailStore.API.csproj", "{CE7C33E9-AFF6-4C97-9FFA-251C9AD638CD}"
EndProject
Project("{2150E333-8FDC-42A3-9474-1A3956D46DE8}") = "CrossCutting", "CrossCutting", "{C604B708-2C20-4458-B9DC-61C72F8451FC}"
EndProject
Project("{FAE04EC0-301F-11D3-BF4B-00C04F79EFBC}") = "RetailStore.CrossCutting.IoC", "RetailStore.CrossCutting.IoC\RetailStore.CrossCutting.IoC.csproj", "{9ABC92AC-774E-4A27-B2BA-0B13BFD9B747}"
EndProject
Project("{2150E333-8FDC-42A3-9474-1A3956D46DE8}") = "Test", "Test", "{948F5B43-57A2-4905-A14B-FC5584897547}"
EndProject
Project("{FAE04EC0-301F-11D3-BF4B-00C04F79EFBC}") = "RetailStore.UnitTest", "RetailStore.UnitTest\RetailStore.UnitTest.csproj", "{D8896E7F-7EED-4D77-86B1-B93ACFFCC678}"
EndProject
Global
	GlobalSection(SolutionConfigurationPlatforms) = preSolution
		Debug|Any CPU = Debug|Any CPU
		Release|Any CPU = Release|Any CPU
	EndGlobalSection
	GlobalSection(NestedProjects) = preSolution
		{1096B365-279B-4C25-BB25-ECC6CEDC5ED4} = {0A1F46F8-0D55-417B-A0D8-3A9D14383393}
		{2E831521-E275-496D-8312-BBA4FAE57E0D} = {F18E20B6-D73D-4B44-A724-233413E792FB}
		{CE7C33E9-AFF6-4C97-9FFA-251C9AD638CD} = {B83DD44B-E15A-44DF-AD86-CB7A68CBDA89}
		{C604B708-2C20-4458-B9DC-61C72F8451FC} = {E8785BD0-D29C-4641-BA3A-DAB6F077D315}
		{9ABC92AC-774E-4A27-B2BA-0B13BFD9B747} = {C604B708-2C20-4458-B9DC-61C72F8451FC}
		{D8896E7F-7EED-4D77-86B1-B93ACFFCC678} = {948F5B43-57A2-4905-A14B-FC5584897547}
	EndGlobalSection
	GlobalSection(ProjectConfigurationPlatforms) = postSolution
		{1096B365-279B-4C25-BB25-ECC6CEDC5ED4}.Debug|Any CPU.ActiveCfg = Debug|Any CPU
		{1096B365-279B-4C25-BB25-ECC6CEDC5ED4}.Debug|Any CPU.Build.0 = Debug|Any CPU
		{1096B365-279B-4C25-BB25-ECC6CEDC5ED4}.Release|Any CPU.ActiveCfg = Release|Any CPU
		{1096B365-279B-4C25-BB25-ECC6CEDC5ED4}.Release|Any CPU.Build.0 = Release|Any CPU
		{2E831521-E275-496D-8312-BBA4FAE57E0D}.Debug|Any CPU.ActiveCfg = Debug|Any CPU
		{2E831521-E275-496D-8312-BBA4FAE57E0D}.Debug|Any CPU.Build.0 = Debug|Any CPU
		{2E831521-E275-496D-8312-BBA4FAE57E0D}.Release|Any CPU.ActiveCfg = Release|Any CPU
		{2E831521-E275-496D-8312-BBA4FAE57E0D}.Release|Any CPU.Build.0 = Release|Any CPU
		{CE7C33E9-AFF6-4C97-9FFA-251C9AD638CD}.Debug|Any CPU.ActiveCfg = Debug|Any CPU
		{CE7C33E9-AFF6-4C97-9FFA-251C9AD638CD}.Debug|Any CPU.Build.0 = Debug|Any CPU
		{CE7C33E9-AFF6-4C97-9FFA-251C9AD638CD}.Release|Any CPU.ActiveCfg = Release|Any CPU
		{CE7C33E9-AFF6-4C97-9FFA-251C9AD638CD}.Release|Any CPU.Build.0 = Release|Any CPU
		{9ABC92AC-774E-4A27-B2BA-0B13BFD9B747}.Debug|Any CPU.ActiveCfg = Debug|Any CPU
		{9ABC92AC-774E-4A27-B2BA-0B13BFD9B747}.Debug|Any CPU.Build.0 = Debug|Any CPU
		{9ABC92AC-774E-4A27-B2BA-0B13BFD9B747}.Release|Any CPU.ActiveCfg = Release|Any CPU
		{9ABC92AC-774E-4A27-B2BA-0B13BFD9B747}.Release|Any CPU.Build.0 = Release|Any CPU
		{D8896E7F-7EED-4D77-86B1-B93ACFFCC678}.Debug|Any CPU.ActiveCfg = Debug|Any CPU
		{D8896E7F-7EED-4D77-86B1-B93ACFFCC678}.Debug|Any CPU.Build.0 = Debug|Any CPU
		{D8896E7F-7EED-4D77-86B1-B93ACFFCC678}.Release|Any CPU.ActiveCfg = Release|Any CPU
		{D8896E7F-7EED-4D77-86B1-B93ACFFCC678}.Release|Any CPU.Build.0 = Release|Any CPU
	EndGlobalSection
EndGlobal
